PODS:
  - LookinServer (1.0.4)
  - Masonry (1.1.0)
  - RCMain (0.1.0):
    - Masonry (~> 1.1.0)
    - RCTemplate
    - RCUtility
  - RCTemplate (0.1.0):
    - Masonry (~> 1.1.0)
    - RCUtility
    - SDWebImage (~> 5.12.0)
  - RCUtility (0.1.0)
  - SDWebImage (5.12.0):
    - SDWebImage/Core (= 5.12.0)
  - SDWebImage/Core (5.12.0)

DEPENDENCIES:
  - LookinServer
  - RCMain (from `./LocalPods/RCMain`)
  - RCTemplate (from `./LocalPods/RCTemplate`)
  - RCUtility (from `./LocalPods/RCUtility`)

SPEC REPOS:
  https://github.com/cocoapods/specs.git:
    - LookinServer
    - Masonry
    - SDWebImage

EXTERNAL SOURCES:
  RCMain:
    :path: "./LocalPods/RCMain"
  RCTemplate:
    :path: "./LocalPods/RCTemplate"
  RCUtility:
    :path: "./LocalPods/RCUtility"

SPEC CHECKSUMS:
  LookinServer: 743c1681771d0a8dcc38825325a080c3186404a5
  Masonry: 678fab65091a9290e40e2832a55e7ab731aad201
  RCMain: f612def19887d537a89cb047d7bbe3fa7fd0b5ee
  RCTemplate: d57029c4841a877d102216ea2a517d8dadc0cfcb
  RCUtility: 37bb91b98bdf17a316efa24be85112f856e6b67f
  SDWebImage: 4ea20cca2986adc5aacde07aa686742fd4c67a37

PODFILE CHECKSUM: cc282ac1ec7bfcf7f88fe781d2fad3632c4504aa

COCOAPODS: 1.7.2
